
Microsoft Visual Studio Solution File, Format Version 12.00
# Visual Studio Version 17
VisualStudioVersion = 17.11.35431.28
MinimumVisualStudioVersion = 10.0.40219.1
Project("{FAE04EC0-301F-11D3-BF4B-00C04F79EFBC}") = "Classes2", "Classes2\Classes2.csproj", "{D7A1B47F-35B1-48FC-80C8-4CED2E4107D3}"
EndProject
Global
	GlobalSection(SolutionConfigurationPlatforms) = preSolution
		Debug|Any CPU = Debug|Any CPU
		Release|Any CPU = Release|Any CPU
	EndGlobalSection
	GlobalSection(ProjectConfigurationPlatforms) = postSolution
		{D7A1B47F-35B1-48FC-80C8-4CED2E4107D3}.Debug|Any CPU.ActiveCfg = Debug|Any CPU
		{D7A1B47F-35B1-48FC-80C8-4CED2E4107D3}.Debug|Any CPU.Build.0 = Debug|Any CPU
		{D7A1B47F-35B1-48FC-80C8-4CED2E4107D3}.Release|Any CPU.ActiveCfg = Release|Any CPU
		{D7A1B47F-35B1-48FC-80C8-4CED2E4107D3}.Release|Any CPU.Build.0 = Release|Any CPU
	EndGlobalSection
	GlobalSection(SolutionProperties) = preSolution
		HideSolutionNode = FALSE
	EndGlobalSection
	GlobalSection(ExtensibilityGlobals) = postSolution
		SolutionGuid = {3FDA2019-E7EF-4B09-ACFD-9AF99468F323}
	EndGlobalSection
EndGlobal
